
Microsoft Visual Studio Solution File, Format Version 12.00
# Visual Studio Version 16
VisualStudioVersion = 16.0.32228.343
MinimumVisualStudioVersion = 10.0.40219.1
Project("{FAE04EC0-301F-11D3-BF4B-00C04F79EFBC}") = "LabBigSchool", "LabBigSchool\LabBigSchool.csproj", "{5F29F0FE-BA3F-42CF-80F1-B10F490A9484}"
EndProject
Global
	GlobalSection(SolutionConfigurationPlatforms) = preSolution
		Debug|Any CPU = Debug|Any CPU
		Release|Any CPU = Release|Any CPU
	EndGlobalSection
	GlobalSection(ProjectConfigurationPlatforms) = postSolution
		{5F29F0FE-BA3F-42CF-80F1-B10F490A9484}.Debug|Any CPU.ActiveCfg = Debug|Any CPU
		{5F29F0FE-BA3F-42CF-80F1-B10F490A9484}.Debug|Any CPU.Build.0 = Debug|Any CPU
		{5F29F0FE-BA3F-42CF-80F1-B10F490A9484}.Release|Any CPU.ActiveCfg = Release|Any CPU
		{5F29F0FE-BA3F-42CF-80F1-B10F490A9484}.Release|Any CPU.Build.0 = Release|Any CPU
	EndGlobalSection
	GlobalSection(SolutionProperties) = preSolution
		HideSolutionNode = FALSE
	EndGlobalSection
	GlobalSection(ExtensibilityGlobals) = postSolution
		SolutionGuid = {D003B4E0-A993-47A2-B9D5-5DEEA2772D24}
	EndGlobalSection
EndGlobal
